
Microsoft Visual Studio Solution File, Format Version 12.00
# Visual Studio Version 16
VisualStudioVersion = 16.0.30114.105
MinimumVisualStudioVersion = 10.0.40219.1
Project("{9A19103F-16F7-4668-BE54-9A1E7A4F7556}") = "TFTCalculator", "TFTCalculator\TFTCalculator.csproj", "{52FC536D-1BCA-4658-8734-63227C1FACBA}"
EndProject
Project("{8BC9CEB8-8B4A-11D0-8D11-00A0C91BC942}") = "TFTCalculatorMiniBLAS", "TFTCalculatorMiniBLAS\TFTCalculatorMiniBLAS.vcxproj", "{978F6DDB-679B-4C74-9C4E-00CC691F31AC}"
EndProject
Global
	GlobalSection(SolutionConfigurationPlatforms) = preSolution
		Debug|x64 = Debug|x64
		Debug|x86 = Debug|x86
		Release|x64 = Release|x64
		Release|x86 = Release|x86
	EndGlobalSection
	GlobalSection(ProjectConfigurationPlatforms) = postSolution
		{52FC536D-1BCA-4658-8734-63227C1FACBA}.Debug|x64.ActiveCfg = Debug|x64
		{52FC536D-1BCA-4658-8734-63227C1FACBA}.Debug|x64.Build.0 = Debug|x64
		{52FC536D-1BCA-4658-8734-63227C1FACBA}.Debug|x86.ActiveCfg = Debug|x86
		{52FC536D-1BCA-4658-8734-63227C1FACBA}.Debug|x86.Build.0 = Debug|x86
		{52FC536D-1BCA-4658-8734-63227C1FACBA}.Release|x64.ActiveCfg = Release|x64
		{52FC536D-1BCA-4658-8734-63227C1FACBA}.Release|x64.Build.0 = Release|x64
		{52FC536D-1BCA-4658-8734-63227C1FACBA}.Release|x86.ActiveCfg = Release|x86
		{52FC536D-1BCA-4658-8734-63227C1FACBA}.Release|x86.Build.0 = Release|x86
		{978F6DDB-679B-4C74-9C4E-00CC691F31AC}.Debug|x64.ActiveCfg = Debug|x64
		{978F6DDB-679B-4C74-9C4E-00CC691F31AC}.Debug|x64.Build.0 = Debug|x64
		{978F6DDB-679B-4C74-9C4E-00CC691F31AC}.Debug|x86.ActiveCfg = Debug|Win32
		{978F6DDB-679B-4C74-9C4E-00CC691F31AC}.Debug|x86.Build.0 = Debug|Win32
		{978F6DDB-679B-4C74-9C4E-00CC691F31AC}.Release|x64.ActiveCfg = Release|x64
		{978F6DDB-679B-4C74-9C4E-00CC691F31AC}.Release|x64.Build.0 = Release|x64
		{978F6DDB-679B-4C74-9C4E-00CC691F31AC}.Release|x86.ActiveCfg = Release|Win32
		{978F6DDB-679B-4C74-9C4E-00CC691F31AC}.Release|x86.Build.0 = Release|Win32
	EndGlobalSection
	GlobalSection(SolutionProperties) = preSolution
		HideSolutionNode = FALSE
	EndGlobalSection
	GlobalSection(ExtensibilityGlobals) = postSolution
		SolutionGuid = {9A7265AB-EB77-4F29-A3CA-FF0714AA6B49}
	EndGlobalSection
EndGlobal
